
Microsoft Visual Studio Solution File, Format Version 12.00
# Visual Studio 2013
VisualStudioVersion = 12.0.31101.0
MinimumVisualStudioVersion = 10.0.40219.1
Project("{FAE04EC0-301F-11D3-BF4B-00C04F79EFBC}") = "StringToByte", "StringToByte\StringToByte.csproj", "{E56774BE-346C-46A3-B8FA-B2B9DD495726}"
EndProject
Project("{FAE04EC0-301F-11D3-BF4B-00C04F79EFBC}") = "WebBrowser", "WebBrowser\WebBrowser.csproj", "{250775BB-A358-4C7B-A091-92A164806092}"
EndProject
Global
	GlobalSection(SolutionConfigurationPlatforms) = preSolution
		Debug|Any CPU = Debug|Any CPU
		Debug|Mixed Platforms = Debug|Mixed Platforms
		Debug|x86 = Debug|x86
		Release|Any CPU = Release|Any CPU
		Release|Mixed Platforms = Release|Mixed Platforms
		Release|x86 = Release|x86
	EndGlobalSection
	GlobalSection(ProjectConfigurationPlatforms) = postSolution
		{E56774BE-346C-46A3-B8FA-B2B9DD495726}.Debug|Any CPU.ActiveCfg = Debug|Any CPU
		{E56774BE-346C-46A3-B8FA-B2B9DD495726}.Debug|Any CPU.Build.0 = Debug|Any CPU
		{E56774BE-346C-46A3-B8FA-B2B9DD495726}.Debug|Mixed Platforms.ActiveCfg = Debug|x86
		{E56774BE-346C-46A3-B8FA-B2B9DD495726}.Debug|Mixed Platforms.Build.0 = Debug|x86
		{E56774BE-346C-46A3-B8FA-B2B9DD495726}.Debug|x86.ActiveCfg = Debug|x86
		{E56774BE-346C-46A3-B8FA-B2B9DD495726}.Debug|x86.Build.0 = Debug|x86
		{E56774BE-346C-46A3-B8FA-B2B9DD495726}.Release|Any CPU.ActiveCfg = Release|Any CPU
		{E56774BE-346C-46A3-B8FA-B2B9DD495726}.Release|Any CPU.Build.0 = Release|Any CPU
		{E56774BE-346C-46A3-B8FA-B2B9DD495726}.Release|Mixed Platforms.ActiveCfg = Release|x86
		{E56774BE-346C-46A3-B8FA-B2B9DD495726}.Release|Mixed Platforms.Build.0 = Release|x86
		{E56774BE-346C-46A3-B8FA-B2B9DD495726}.Release|x86.ActiveCfg = Release|x86
		{E56774BE-346C-46A3-B8FA-B2B9DD495726}.Release|x86.Build.0 = Release|x86
		{250775BB-A358-4C7B-A091-92A164806092}.Debug|Any CPU.ActiveCfg = Debug|Any CPU
		{250775BB-A358-4C7B-A091-92A164806092}.Debug|Any CPU.Build.0 = Debug|Any CPU
		{250775BB-A358-4C7B-A091-92A164806092}.Debug|Mixed Platforms.ActiveCfg = Debug|Any CPU
		{250775BB-A358-4C7B-A091-92A164806092}.Debug|Mixed Platforms.Build.0 = Debug|Any CPU
		{250775BB-A358-4C7B-A091-92A164806092}.Debug|x86.ActiveCfg = Debug|Any CPU
		{250775BB-A358-4C7B-A091-92A164806092}.Release|Any CPU.ActiveCfg = Release|Any CPU
		{250775BB-A358-4C7B-A091-92A164806092}.Release|Any CPU.Build.0 = Release|Any CPU
		{250775BB-A358-4C7B-A091-92A164806092}.Release|Mixed Platforms.ActiveCfg = Release|Any CPU
		{250775BB-A358-4C7B-A091-92A164806092}.Release|Mixed Platforms.Build.0 = Release|Any CPU
		{250775BB-A358-4C7B-A091-92A164806092}.Release|x86.ActiveCfg = Release|Any CPU
	EndGlobalSection
	GlobalSection(SolutionProperties) = preSolution
		HideSolutionNode = FALSE
	EndGlobalSection
EndGlobal
